
Microsoft Visual Studio Solution File, Format Version 12.00
# Visual Studio Version 16
VisualStudioVersion = 16.0.30320.27
MinimumVisualStudioVersion = 10.0.40219.1
Project("{FAE04EC0-301F-11D3-BF4B-00C04F79EFBC}") = "ExFixaçãoEnum", "ExFixaçãoEnum\ExFixaçãoEnum.csproj", "{55860CE2-6C9B-4FF2-8A2E-3895A5773586}"
EndProject
Global
	GlobalSection(SolutionConfigurationPlatforms) = preSolution
		Debug|Any CPU = Debug|Any CPU
		Release|Any CPU = Release|Any CPU
	EndGlobalSection
	GlobalSection(ProjectConfigurationPlatforms) = postSolution
		{55860CE2-6C9B-4FF2-8A2E-3895A5773586}.Debug|Any CPU.ActiveCfg = Debug|Any CPU
		{55860CE2-6C9B-4FF2-8A2E-3895A5773586}.Debug|Any CPU.Build.0 = Debug|Any CPU
		{55860CE2-6C9B-4FF2-8A2E-3895A5773586}.Release|Any CPU.ActiveCfg = Release|Any CPU
		{55860CE2-6C9B-4FF2-8A2E-3895A5773586}.Release|Any CPU.Build.0 = Release|Any CPU
	EndGlobalSection
	GlobalSection(SolutionProperties) = preSolution
		HideSolutionNode = FALSE
	EndGlobalSection
	GlobalSection(ExtensibilityGlobals) = postSolution
		SolutionGuid = {F8B696AA-5A95-4AC8-BBE8-15DF6A7CFB53}
	EndGlobalSection
EndGlobal
